# This file is autogenerated, do not edit; changes may be undone by the next 'dep ensure'.


[[projects]]
  digest = "1:55be81f19ec0dfc7cd8a0f845513af42b63220a717043a4ae01aaf2846f291d7"
  name = "github.com/PuerkitoBio/goquery"
  packages = ["."]
  pruneopts = "UT"
  revision = "b3706f8903171e91b2ad8cdb1e59eb2be67c010b"
  version = "v1.6.0"

[[projects]]
  digest = "1:4541494abfa96c333e22c3ecef56724ba74de46772581dc2d106e9cbaf0640c9"
  name = "github.com/andybalholm/cascadia"
  packages = ["."]
  pruneopts = "UT"
  revision = "903109d295d56a99095f2cfab0c2ca8d4b22f648"
  version = "v1.2.0"

[[projects]]
  digest = "1:870d441fe217b8e689d7949fef6e43efbc787e50f200cb1e70dbca9204a1d6be"
  name = "github.com/inconshreveable/mousetrap"
  packages = ["."]
  pruneopts = "UT"
  revision = "76626ae9c91c4f2a10f34cad8ce83ea42c93bb75"
  version = "v1.0"

[[projects]]
  digest = "1:f9fabbb31b1ee489d371e01f7cbaf6860b96750fc04a55241d44ac60ad896433"
  name = "github.com/spf13/cobra"
  packages = ["."]
  pruneopts = "UT"
  revision = "86f8bfd7fef868a174e1b606783bd7f5c82ddf8f"
  version = "v1.1.1"

[[projects]]
  digest = "1:524b71991fc7d9246cc7dc2d9e0886ccb97648091c63e30eef619e6862c955dd"
  name = "github.com/spf13/pflag"
  packages = ["."]
  pruneopts = "UT"
  revision = "2e9d26c8c37aae03e3f9d4e90b7116f5accb7cab"
  version = "v1.0.5"

[[projects]]
  branch = "master"
  digest = "1:5915a70a984271cfd71462c8aa940f8e6ce8c1bef0694483cdfb70604821d17f"
  name = "golang.org/x/net"
  packages = [
    "html",
    "html/atom",
  ]
  pruneopts = "UT"
  revision = "ff519b6c91021e6316e1df005bc19f266994ddda"

[solve-meta]
  analyzer-name = "dep"
  analyzer-version = 1
  input-imports = [
    "github.com/PuerkitoBio/goquery",
    "github.com/spf13/cobra",
    "golang.org/x/net/html",
  ]
  solver-name = "gps-cdcl"
  solver-version = 1
